// !$*UTF8*$!
{
	archiveVersion = 1;
	classes = {
	};
	objectVersion = 46;
	objects = {

/* Begin PBXBuildFile section */
		8A1375451B50554A00A39083 /* SignInViewController.swift in Sources */ = {isa = PBXBuildFile; fileRef = 8A1375441B50554A00A39083 /* SignInViewController.swift */; };
		8A1BA8101B4F0413004C487D /* AppDelegate.swift in Sources */ = {isa = PBXBuildFile; fileRef = 8A1BA80F1B4F0413004C487D /* AppDelegate.swift */; };
		8A1BA8121B4F0413004C487D /* HomeViewController.swift in Sources */ = {isa = PBXBuildFile; fileRef = 8A1BA8111B4F0413004C487D /* HomeViewController.swift */; };
		8A1BA8151B4F0413004C487D /* Main.storyboard in Resources */ = {isa = PBXBuildFile; fileRef = 8A1BA8131B4F0413004C487D /* Main.storyboard */; };
		8A1BA8171B4F0413004C487D /* Images.xcassets in Resources */ = {isa = PBXBuildFile; fileRef = 8A1BA8161B4F0413004C487D /* Images.xcassets */; };
		8A1BA81A1B4F0413004C487D /* LaunchScreen.xib in Resources */ = {isa = PBXBuildFile; fileRef = 8A1BA8181B4F0413004C487D /* LaunchScreen.xib */; };
		8A1BA8261B4F0413004C487D /* ColabTests.swift in Sources */ = {isa = PBXBuildFile; fileRef = 8A1BA8251B4F0413004C487D /* ColabTests.swift */; };
		8A3624D11B500F95006C860B /* FilterViewController.swift in Sources */ = {isa = PBXBuildFile; fileRef = 8A3624D01B500F95006C860B /* FilterViewController.swift */; };
		8A3624D51B50174C006C860B /* Bolts.framework in Frameworks */ = {isa = PBXBuildFile; fileRef = 8A3624D31B50174C006C860B /* Bolts.framework */; };
		8A3624DA1B5017B4006C860B /* CFNetwork.framework in Frameworks */ = {isa = PBXBuildFile; fileRef = 8A3624D91B5017B4006C860B /* CFNetwork.framework */; };
		8A3624DC1B5017C1006C860B /* CoreGraphics.framework in Frameworks */ = {isa = PBXBuildFile; fileRef = 8A3624DB1B5017C1006C860B /* CoreGraphics.framework */; };
		8A3624DE1B5017CE006C860B /* CoreLocation.framework in Frameworks */ = {isa = PBXBuildFile; fileRef = 8A3624DD1B5017CE006C860B /* CoreLocation.framework */; };
		8A3624E01B5017D6006C860B /* MobileCoreServices.framework in Frameworks */ = {isa = PBXBuildFile; fileRef = 8A3624DF1B5017D6006C860B /* MobileCoreServices.framework */; };
		8A3624E21B5017DE006C860B /* QuartzCore.framework in Frameworks */ = {isa = PBXBuildFile; fileRef = 8A3624E11B5017DE006C860B /* QuartzCore.framework */; };
		8A3624E41B5017E7006C860B /* Security.framework in Frameworks */ = {isa = PBXBuildFile; fileRef = 8A3624E31B5017E7006C860B /* Security.framework */; };
		8A3624E61B5017F5006C860B /* StoreKit.framework in Frameworks */ = {isa = PBXBuildFile; fileRef = 8A3624E51B5017F5006C860B /* StoreKit.framework */; };
		8A3624E81B501801006C860B /* SystemConfiguration.framework in Frameworks */ = {isa = PBXBuildFile; fileRef = 8A3624E71B501801006C860B /* SystemConfiguration.framework */; };
		8A3624EA1B501810006C860B /* libz.dylib in Frameworks */ = {isa = PBXBuildFile; fileRef = 8A3624E91B501810006C860B /* libz.dylib */; };
		8A3624EC1B50181E006C860B /* libsqlite3.dylib in Frameworks */ = {isa = PBXBuildFile; fileRef = 8A3624EB1B50181E006C860B /* libsqlite3.dylib */; };
		8A73A7AF1B5401AC00D7ECD0 /* FBSDKCoreKit.framework in Frameworks */ = {isa = PBXBuildFile; fileRef = 8A73A7AC1B5401AC00D7ECD0 /* FBSDKCoreKit.framework */; };
		8A73A7B01B5401AC00D7ECD0 /* FBSDKLoginKit.framework in Frameworks */ = {isa = PBXBuildFile; fileRef = 8A73A7AD1B5401AC00D7ECD0 /* FBSDKLoginKit.framework */; };
		8A73A7B11B5401AC00D7ECD0 /* FBSDKShareKit.framework in Frameworks */ = {isa = PBXBuildFile; fileRef = 8A73A7AE1B5401AC00D7ECD0 /* FBSDKShareKit.framework */; };
		8A73A7B31B54029000D7ECD0 /* Parse.framework in Frameworks */ = {isa = PBXBuildFile; fileRef = 8A73A7B21B54029000D7ECD0 /* Parse.framework */; };
		8A73A7B41B5402E700D7ECD0 /* AudioToolbox.framework in Frameworks */ = {isa = PBXBuildFile; fileRef = 8A3624D71B5017AA006C860B /* AudioToolbox.framework */; };
		8A73A7B61B54030C00D7ECD0 /* ParseFacebookUtilsV4.framework in Frameworks */ = {isa = PBXBuildFile; fileRef = 8A73A7B51B54030C00D7ECD0 /* ParseFacebookUtilsV4.framework */; };
		8AC62A0C1B53F27F00FB11F6 /* UserSetupViewController.swift in Sources */ = {isa = PBXBuildFile; fileRef = 8AC62A0B1B53F27F00FB11F6 /* UserSetupViewController.swift */; };
		B10B83251B505C780059766B /* ProfileViewController.swift in Sources */ = {isa = PBXBuildFile; fileRef = B10B83241B505C780059766B /* ProfileViewController.swift */; };
		B10B83291B505F220059766B /* CollabsTableViewController.swift in Sources */ = {isa = PBXBuildFile; fileRef = B10B83281B505F220059766B /* CollabsTableViewController.swift */; };
		B14C48EF1B5307770000782E /* ConstantList.swift in Sources */ = {isa = PBXBuildFile; fileRef = B14C48EE1B5307770000782E /* ConstantList.swift */; };
		B14C48F31B53AABA0000782E /* Regions.plist in Resources */ = {isa = PBXBuildFile; fileRef = B14C48F21B53AABA0000782E /* Regions.plist */; };
		B14C48F51B53ABBF0000782E /* SocialPlatforms.plist in Resources */ = {isa = PBXBuildFile; fileRef = B14C48F41B53ABBF0000782E /* SocialPlatforms.plist */; };
		B14C48F71B53AC9A0000782E /* Industry.plist in Resources */ = {isa = PBXBuildFile; fileRef = B14C48F61B53AC9A0000782E /* Industry.plist */; };
		B1FE4A321B53FA8B008931D2 /* MatchesViewController.swift in Sources */ = {isa = PBXBuildFile; fileRef = B1FE4A311B53FA8B008931D2 /* MatchesViewController.swift */; };
/* End PBXBuildFile section */

/* Begin PBXContainerItemProxy section */
		8A1BA8201B4F0413004C487D /* PBXContainerItemProxy */ = {
			isa = PBXContainerItemProxy;
			containerPortal = 8A1BA8021B4F0413004C487D /* Project object */;
			proxyType = 1;
			remoteGlobalIDString = 8A1BA8091B4F0413004C487D;
			remoteInfo = Colab;
		};
/* End PBXContainerItemProxy section */

/* Begin PBXFileReference section */
		8A1375441B50554A00A39083 /* SignInViewController.swift */ = {isa = PBXFileReference; fileEncoding = 4; lastKnownFileType = sourcecode.swift; path = SignInViewController.swift; sourceTree = "<group>"; };
		8A1BA80A1B4F0413004C487D /* Colab.app */ = {isa = PBXFileReference; explicitFileType = wrapper.application; includeInIndex = 0; path = Colab.app; sourceTree = BUILT_PRODUCTS_DIR; };
		8A1BA80E1B4F0413004C487D /* Info.plist */ = {isa = PBXFileReference; lastKnownFileType = text.plist.xml; path = Info.plist; sourceTree = "<group>"; };
		8A1BA80F1B4F0413004C487D /* AppDelegate.swift */ = {isa = PBXFileReference; lastKnownFileType = sourcecode.swift; path = AppDelegate.swift; sourceTree = "<group>"; };
		8A1BA8111B4F0413004C487D /* HomeViewController.swift */ = {isa = PBXFileReference; lastKnownFileType = sourcecode.swift; path = HomeViewController.swift; sourceTree = "<group>"; };
		8A1BA8141B4F0413004C487D /* Base */ = {isa = PBXFileReference; lastKnownFileType = file.storyboard; name = Base; path = Base.lproj/Main.storyboard; sourceTree = "<group>"; };
		8A1BA8161B4F0413004C487D /* Images.xcassets */ = {isa = PBXFileReference; lastKnownFileType = folder.assetcatalog; path = Images.xcassets; sourceTree = "<group>"; };
		8A1BA8191B4F0413004C487D /* Base */ = {isa = PBXFileReference; lastKnownFileType = file.xib; name = Base; path = Base.lproj/LaunchScreen.xib; sourceTree = "<group>"; };
		8A1BA81F1B4F0413004C487D /* ColabTests.xctest */ = {isa = PBXFileReference; explicitFileType = wrapper.cfbundle; includeInIndex = 0; path = ColabTests.xctest; sourceTree = BUILT_PRODUCTS_DIR; };
		8A1BA8241B4F0413004C487D /* Info.plist */ = {isa = PBXFileReference; lastKnownFileType = text.plist.xml; path = Info.plist; sourceTree = "<group>"; };
		8A1BA8251B4F0413004C487D /* ColabTests.swift */ = {isa = PBXFileReference; lastKnownFileType = sourcecode.swift; path = ColabTests.swift; sourceTree = "<group>"; };
		8A3624D01B500F95006C860B /* FilterViewController.swift */ = {isa = PBXFileReference; fileEncoding = 4; lastKnownFileType = sourcecode.swift; path = FilterViewController.swift; sourceTree = "<group>"; };
		8A3624D31B50174C006C860B /* Bolts.framework */ = {isa = PBXFileReference; lastKnownFileType = wrapper.framework; path = Bolts.framework; sourceTree = "<group>"; };
		8A3624D71B5017AA006C860B /* AudioToolbox.framework */ = {isa = PBXFileReference; lastKnownFileType = wrapper.framework; name = AudioToolbox.framework; path = System/Library/Frameworks/AudioToolbox.framework; sourceTree = SDKROOT; };
		8A3624D91B5017B4006C860B /* CFNetwork.framework */ = {isa = PBXFileReference; lastKnownFileType = wrapper.framework; name = CFNetwork.framework; path = System/Library/Frameworks/CFNetwork.framework; sourceTree = SDKROOT; };
		8A3624DB1B5017C1006C860B /* CoreGraphics.framework */ = {isa = PBXFileReference; lastKnownFileType = wrapper.framework; name = CoreGraphics.framework; path = System/Library/Frameworks/CoreGraphics.framework; sourceTree = SDKROOT; };
		8A3624DD1B5017CE006C860B /* CoreLocation.framework */ = {isa = PBXFileReference; lastKnownFileType = wrapper.framework; name = CoreLocation.framework; path = System/Library/Frameworks/CoreLocation.framework; sourceTree = SDKROOT; };
		8A3624DF1B5017D6006C860B /* MobileCoreServices.framework */ = {isa = PBXFileReference; lastKnownFileType = wrapper.framework; name = MobileCoreServices.framework; path = System/Library/Frameworks/MobileCoreServices.framework; sourceTree = SDKROOT; };
		8A3624E11B5017DE006C860B /* QuartzCore.framework */ = {isa = PBXFileReference; lastKnownFileType = wrapper.framework; name = QuartzCore.framework; path = System/Library/Frameworks/QuartzCore.framework; sourceTree = SDKROOT; };
		8A3624E31B5017E7006C860B /* Security.framework */ = {isa = PBXFileReference; lastKnownFileType = wrapper.framework; name = Security.framework; path = System/Library/Frameworks/Security.framework; sourceTree = SDKROOT; };
		8A3624E51B5017F5006C860B /* StoreKit.framework */ = {isa = PBXFileReference; lastKnownFileType = wrapper.framework; name = StoreKit.framework; path = System/Library/Frameworks/StoreKit.framework; sourceTree = SDKROOT; };
		8A3624E71B501801006C860B /* SystemConfiguration.framework */ = {isa = PBXFileReference; lastKnownFileType = wrapper.framework; name = SystemConfiguration.framework; path = System/Library/Frameworks/SystemConfiguration.framework; sourceTree = SDKROOT; };
		8A3624E91B501810006C860B /* libz.dylib */ = {isa = PBXFileReference; lastKnownFileType = "compiled.mach-o.dylib"; name = libz.dylib; path = usr/lib/libz.dylib; sourceTree = SDKROOT; };
		8A3624EB1B50181E006C860B /* libsqlite3.dylib */ = {isa = PBXFileReference; lastKnownFileType = "compiled.mach-o.dylib"; name = libsqlite3.dylib; path = usr/lib/libsqlite3.dylib; sourceTree = SDKROOT; };
		8A73A7AC1B5401AC00D7ECD0 /* FBSDKCoreKit.framework */ = {isa = PBXFileReference; lastKnownFileType = wrapper.framework; path = FBSDKCoreKit.framework; sourceTree = "<group>"; };
		8A73A7AD1B5401AC00D7ECD0 /* FBSDKLoginKit.framework */ = {isa = PBXFileReference; lastKnownFileType = wrapper.framework; path = FBSDKLoginKit.framework; sourceTree = "<group>"; };
		8A73A7AE1B5401AC00D7ECD0 /* FBSDKShareKit.framework */ = {isa = PBXFileReference; lastKnownFileType = wrapper.framework; path = FBSDKShareKit.framework; sourceTree = "<group>"; };
		8A73A7B21B54029000D7ECD0 /* Parse.framework */ = {isa = PBXFileReference; lastKnownFileType = wrapper.framework; path = Parse.framework; sourceTree = "<group>"; };
		8A73A7B51B54030C00D7ECD0 /* ParseFacebookUtilsV4.framework */ = {isa = PBXFileReference; lastKnownFileType = wrapper.framework; path = ParseFacebookUtilsV4.framework; sourceTree = "<group>"; };
		8AC62A0B1B53F27F00FB11F6 /* UserSetupViewController.swift */ = {isa = PBXFileReference; fileEncoding = 4; lastKnownFileType = sourcecode.swift; path = UserSetupViewController.swift; sourceTree = "<group>"; };
		8AD4DF501B52DFB400220CFF /* Colab-Bridging-Header.h */ = {isa = PBXFileReference; lastKnownFileType = sourcecode.c.h; path = "Colab-Bridging-Header.h"; sourceTree = "<group>"; };
		B10B83241B505C780059766B /* ProfileViewController.swift */ = {isa = PBXFileReference; fileEncoding = 4; lastKnownFileType = sourcecode.swift; path = ProfileViewController.swift; sourceTree = "<group>"; };
		B10B83281B505F220059766B /* CollabsTableViewController.swift */ = {isa = PBXFileReference; fileEncoding = 4; lastKnownFileType = sourcecode.swift; path = CollabsTableViewController.swift; sourceTree = "<group>"; };
		B14C48EE1B5307770000782E /* ConstantList.swift */ = {isa = PBXFileReference; fileEncoding = 4; lastKnownFileType = sourcecode.swift; path = ConstantList.swift; sourceTree = "<group>"; };
		B14C48F21B53AABA0000782E /* Regions.plist */ = {isa = PBXFileReference; fileEncoding = 4; lastKnownFileType = text.plist.xml; path = Regions.plist; sourceTree = "<group>"; };
		B14C48F41B53ABBF0000782E /* SocialPlatforms.plist */ = {isa = PBXFileReference; fileEncoding = 4; lastKnownFileType = text.plist.xml; path = SocialPlatforms.plist; sourceTree = "<group>"; };
		B14C48F61B53AC9A0000782E /* Industry.plist */ = {isa = PBXFileReference; fileEncoding = 4; lastKnownFileType = text.plist.xml; path = Industry.plist; sourceTree = "<group>"; };
		B1FE4A311B53FA8B008931D2 /* MatchesViewController.swift */ = {isa = PBXFileReference; fileEncoding = 4; lastKnownFileType = sourcecode.swift; path = MatchesViewController.swift; sourceTree = "<group>"; };
/* End PBXFileReference section */

/* Begin PBXFrameworksBuildPhase section */
		8A1BA8071B4F0413004C487D /* Frameworks */ = {
			isa = PBXFrameworksBuildPhase;
			buildActionMask = 2147483647;
			files = (
				8A73A7B41B5402E700D7ECD0 /* AudioToolbox.framework in Frameworks */,
				8A3624EC1B50181E006C860B /* libsqlite3.dylib in Frameworks */,
				8A73A7AF1B5401AC00D7ECD0 /* FBSDKCoreKit.framework in Frameworks */,
				8A3624EA1B501810006C860B /* libz.dylib in Frameworks */,
				8A3624E81B501801006C860B /* SystemConfiguration.framework in Frameworks */,
				8A73A7B31B54029000D7ECD0 /* Parse.framework in Frameworks */,
				8A3624E61B5017F5006C860B /* StoreKit.framework in Frameworks */,
				8A3624E41B5017E7006C860B /* Security.framework in Frameworks */,
				8A3624E21B5017DE006C860B /* QuartzCore.framework in Frameworks */,
				8A73A7B01B5401AC00D7ECD0 /* FBSDKLoginKit.framework in Frameworks */,
				8A3624E01B5017D6006C860B /* MobileCoreServices.framework in Frameworks */,
				8A3624DE1B5017CE006C860B /* CoreLocation.framework in Frameworks */,
				8A73A7B11B5401AC00D7ECD0 /* FBSDKShareKit.framework in Frameworks */,
				8A3624DC1B5017C1006C860B /* CoreGraphics.framework in Frameworks */,
				8A73A7B61B54030C00D7ECD0 /* ParseFacebookUtilsV4.framework in Frameworks */,
				8A3624DA1B5017B4006C860B /* CFNetwork.framework in Frameworks */,
				8A3624D51B50174C006C860B /* Bolts.framework in Frameworks */,
			);
			runOnlyForDeploymentPostprocessing = 0;
		};
		8A1BA81C1B4F0413004C487D /* Frameworks */ = {
			isa = PBXFrameworksBuildPhase;
			buildActionMask = 2147483647;
			files = (
			);
			runOnlyForDeploymentPostprocessing = 0;
		};
/* End PBXFrameworksBuildPhase section */

/* Begin PBXGroup section */
		8A1BA8011B4F0413004C487D = {
			isa = PBXGroup;
			children = (
				8A3624D21B501622006C860B /* Frameworks */,
				8A1BA80C1B4F0413004C487D /* Colab */,
				8A1BA8221B4F0413004C487D /* ColabTests */,
				8A1BA80B1B4F0413004C487D /* Products */,
			);
			sourceTree = "<group>";
		};
		8A1BA80B1B4F0413004C487D /* Products */ = {
			isa = PBXGroup;
			children = (
				8A1BA80A1B4F0413004C487D /* Colab.app */,
				8A1BA81F1B4F0413004C487D /* ColabTests.xctest */,
			);
			name = Products;
			sourceTree = "<group>";
		};
		8A1BA80C1B4F0413004C487D /* Colab */ = {
			isa = PBXGroup;
			children = (
				8A1BA8131B4F0413004C487D /* Main.storyboard */,
				8A1BA8161B4F0413004C487D /* Images.xcassets */,
				B14C48EE1B5307770000782E /* ConstantList.swift */,
				B14C48F41B53ABBF0000782E /* SocialPlatforms.plist */,
				B14C48F61B53AC9A0000782E /* Industry.plist */,
				B14C48F21B53AABA0000782E /* Regions.plist */,
				8AD4DF501B52DFB400220CFF /* Colab-Bridging-Header.h */,
				8A1BA80D1B4F0413004C487D /* Supporting Files */,
				8A1BA8111B4F0413004C487D /* HomeViewController.swift */,
				8A1375441B50554A00A39083 /* SignInViewController.swift */,
				B10B83241B505C780059766B /* ProfileViewController.swift */,
				B1FE4A311B53FA8B008931D2 /* MatchesViewController.swift */,
				8A3624D01B500F95006C860B /* FilterViewController.swift */,
				B10B83281B505F220059766B /* CollabsTableViewController.swift */,
				8AC62A0B1B53F27F00FB11F6 /* UserSetupViewController.swift */,
			);
			path = Colab;
			sourceTree = "<group>";
		};
		8A1BA80D1B4F0413004C487D /* Supporting Files */ = {
			isa = PBXGroup;
			children = (
				8A1BA8181B4F0413004C487D /* LaunchScreen.xib */,
				8A1BA80F1B4F0413004C487D /* AppDelegate.swift */,
				8A1BA80E1B4F0413004C487D /* Info.plist */,
			);
			name = "Supporting Files";
			sourceTree = "<group>";
		};
		8A1BA8221B4F0413004C487D /* ColabTests */ = {
			isa = PBXGroup;
			children = (
				8A1BA8251B4F0413004C487D /* ColabTests.swift */,
				8A1BA8231B4F0413004C487D /* Supporting Files */,
			);
			path = ColabTests;
			sourceTree = "<group>";
		};
		8A1BA8231B4F0413004C487D /* Supporting Files */ = {
			isa = PBXGroup;
			children = (
				8A1BA8241B4F0413004C487D /* Info.plist */,
			);
			name = "Supporting Files";
			sourceTree = "<group>";
		};
		8A3624D21B501622006C860B /* Frameworks */ = {
			isa = PBXGroup;
			children = (
				8A73A7B51B54030C00D7ECD0 /* ParseFacebookUtilsV4.framework */,
				8A73A7B21B54029000D7ECD0 /* Parse.framework */,
				8A73A7AC1B5401AC00D7ECD0 /* FBSDKCoreKit.framework */,
				8A73A7AD1B5401AC00D7ECD0 /* FBSDKLoginKit.framework */,
				8A73A7AE1B5401AC00D7ECD0 /* FBSDKShareKit.framework */,
				8A3624EB1B50181E006C860B /* libsqlite3.dylib */,
				8A3624E91B501810006C860B /* libz.dylib */,
				8A3624E71B501801006C860B /* SystemConfiguration.framework */,
				8A3624E51B5017F5006C860B /* StoreKit.framework */,
				8A3624E31B5017E7006C860B /* Security.framework */,
				8A3624E11B5017DE006C860B /* QuartzCore.framework */,
				8A3624DF1B5017D6006C860B /* MobileCoreServices.framework */,
				8A3624DD1B5017CE006C860B /* CoreLocation.framework */,
				8A3624DB1B5017C1006C860B /* CoreGraphics.framework */,
				8A3624D91B5017B4006C860B /* CFNetwork.framework */,
				8A3624D71B5017AA006C860B /* AudioToolbox.framework */,
				8A3624D31B50174C006C860B /* Bolts.framework */,
			);
			name = Frameworks;
			sourceTree = "<group>";
		};
/* End PBXGroup section */

/* Begin PBXNativeTarget section */
		8A1BA8091B4F0413004C487D /* Colab */ = {
			isa = PBXNativeTarget;
			buildConfigurationList = 8A1BA8291B4F0413004C487D /* Build configuration list for PBXNativeTarget "Colab" */;
			buildPhases = (
				8A1BA8061B4F0413004C487D /* Sources */,
				8A1BA8071B4F0413004C487D /* Frameworks */,
				8A1BA8081B4F0413004C487D /* Resources */,
			);
			buildRules = (
			);
			dependencies = (
			);
			name = Colab;
			productName = Colab;
			productReference = 8A1BA80A1B4F0413004C487D /* Colab.app */;
			productType = "com.apple.product-type.application";
		};
		8A1BA81E1B4F0413004C487D /* ColabTests */ = {
			isa = PBXNativeTarget;
			buildConfigurationList = 8A1BA82C1B4F0413004C487D /* Build configuration list for PBXNativeTarget "ColabTests" */;
			buildPhases = (
				8A1BA81B1B4F0413004C487D /* Sources */,
				8A1BA81C1B4F0413004C487D /* Frameworks */,
				8A1BA81D1B4F0413004C487D /* Resources */,
			);
			buildRules = (
			);
			dependencies = (
				8A1BA8211B4F0413004C487D /* PBXTargetDependency */,
			);
			name = ColabTests;
			productName = ColabTests;
			productReference = 8A1BA81F1B4F0413004C487D /* ColabTests.xctest */;
			productType = "com.apple.product-type.bundle.unit-test";
		};
/* End PBXNativeTarget section */

/* Begin PBXProject section */
		8A1BA8021B4F0413004C487D /* Project object */ = {
			isa = PBXProject;
			attributes = {
				LastUpgradeCheck = 0640;
				ORGANIZATIONNAME = mikkkarner;
				TargetAttributes = {
					8A1BA8091B4F0413004C487D = {
						CreatedOnToolsVersion = 6.3.2;
						DevelopmentTeam = RUL8JWEEC7;
					};
					8A1BA81E1B4F0413004C487D = {
						CreatedOnToolsVersion = 6.3.2;
						TestTargetID = 8A1BA8091B4F0413004C487D;
					};
				};
			};
			buildConfigurationList = 8A1BA8051B4F0413004C487D /* Build configuration list for PBXProject "Colab" */;
			compatibilityVersion = "Xcode 3.2";
			developmentRegion = English;
			hasScannedForEncodings = 0;
			knownRegions = (
				en,
				Base,
			);
			mainGroup = 8A1BA8011B4F0413004C487D;
			productRefGroup = 8A1BA80B1B4F0413004C487D /* Products */;
			projectDirPath = "";
			projectRoot = "";
			targets = (
				8A1BA8091B4F0413004C487D /* Colab */,
				8A1BA81E1B4F0413004C487D /* ColabTests */,
			);
		};
/* End PBXProject section */

/* Begin PBXResourcesBuildPhase section */
		8A1BA8081B4F0413004C487D /* Resources */ = {
			isa = PBXResourcesBuildPhase;
			buildActionMask = 2147483647;
			files = (
				8A1BA8151B4F0413004C487D /* Main.storyboard in Resources */,
				8A1BA81A1B4F0413004C487D /* LaunchScreen.xib in Resources */,
				B14C48F51B53ABBF0000782E /* SocialPlatforms.plist in Resources */,
				B14C48F31B53AABA0000782E /* Regions.plist in Resources */,
				B14C48F71B53AC9A0000782E /* Industry.plist in Resources */,
				8A1BA8171B4F0413004C487D /* Images.xcassets in Resources */,
			);
			runOnlyForDeploymentPostprocessing = 0;
		};
		8A1BA81D1B4F0413004C487D /* Resources */ = {
			isa = PBXResourcesBuildPhase;
			buildActionMask = 2147483647;
			files = (
			);
			runOnlyForDeploymentPostprocessing = 0;
		};
/* End PBXResourcesBuildPhase section */

/* Begin PBXSourcesBuildPhase section */
		8A1BA8061B4F0413004C487D /* Sources */ = {
			isa = PBXSourcesBuildPhase;
			buildActionMask = 2147483647;
			files = (
				8A1375451B50554A00A39083 /* SignInViewController.swift in Sources */,
				8A3624D11B500F95006C860B /* FilterViewController.swift in Sources */,
				8A1BA8121B4F0413004C487D /* HomeViewController.swift in Sources */,
				B1FE4A321B53FA8B008931D2 /* MatchesViewController.swift in Sources */,
				B14C48EF1B5307770000782E /* ConstantList.swift in Sources */,
				B10B83251B505C780059766B /* ProfileViewController.swift in Sources */,
				B10B83291B505F220059766B /* CollabsTableViewController.swift in Sources */,
				8A1BA8101B4F0413004C487D /* AppDelegate.swift in Sources */,
				8AC62A0C1B53F27F00FB11F6 /* UserSetupViewController.swift in Sources */,
			);
			runOnlyForDeploymentPostprocessing = 0;
		};
		8A1BA81B1B4F0413004C487D /* Sources */ = {
			isa = PBXSourcesBuildPhase;
			buildActionMask = 2147483647;
			files = (
				8A1BA8261B4F0413004C487D /* ColabTests.swift in Sources */,
			);
			runOnlyForDeploymentPostprocessing = 0;
		};
/* End PBXSourcesBuildPhase section */

/* Begin PBXTargetDependency section */
		8A1BA8211B4F0413004C487D /* PBXTargetDependency */ = {
			isa = PBXTargetDependency;
			target = 8A1BA8091B4F0413004C487D /* Colab */;
			targetProxy = 8A1BA8201B4F0413004C487D /* PBXContainerItemProxy */;
		};
/* End PBXTargetDependency section */

/* Begin PBXVariantGroup section */
		8A1BA8131B4F0413004C487D /* Main.storyboard */ = {
			isa = PBXVariantGroup;
			children = (
				8A1BA8141B4F0413004C487D /* Base */,
			);
			name = Main.storyboard;
			sourceTree = "<group>";
		};
		8A1BA8181B4F0413004C487D /* LaunchScreen.xib */ = {
			isa = PBXVariantGroup;
			children = (
				8A1BA8191B4F0413004C487D /* Base */,
			);
			name = LaunchScreen.xib;
			sourceTree = "<group>";
		};
/* End PBXVariantGroup section */

/* Begin XCBuildConfiguration section */
		8A1BA8271B4F0413004C487D /* Debug */ = {
			isa = XCBuildConfiguration;
			buildSettings = {
				ALWAYS_SEARCH_USER_PATHS = NO;
				CLANG_CXX_LANGUAGE_STANDARD = "gnu++0x";
				CLANG_CXX_LIBRARY = "libc++";
				CLANG_ENABLE_MODULES = YES;
				CLANG_ENABLE_OBJC_ARC = YES;
				CLANG_WARN_BOOL_CONVERSION = YES;
				CLANG_WARN_CONSTANT_CONVERSION = YES;
				CLANG_WARN_DIRECT_OBJC_ISA_USAGE = YES_ERROR;
				CLANG_WARN_EMPTY_BODY = YES;
				CLANG_WARN_ENUM_CONVERSION = YES;
				CLANG_WARN_INT_CONVERSION = YES;
				CLANG_WARN_OBJC_ROOT_CLASS = YES_ERROR;
				CLANG_WARN_UNREACHABLE_CODE = YES;
				CLANG_WARN__DUPLICATE_METHOD_MATCH = YES;
				"CODE_SIGN_IDENTITY[sdk=iphoneos*]" = "iPhone Developer";
				COPY_PHASE_STRIP = NO;
				DEBUG_INFORMATION_FORMAT = "dwarf-with-dsym";
				ENABLE_STRICT_OBJC_MSGSEND = YES;
				GCC_C_LANGUAGE_STANDARD = gnu99;
				GCC_DYNAMIC_NO_PIC = NO;
				GCC_NO_COMMON_BLOCKS = YES;
				GCC_OPTIMIZATION_LEVEL = 0;
				GCC_PREPROCESSOR_DEFINITIONS = (
					"DEBUG=1",
					"$(inherited)",
				);
				GCC_SYMBOLS_PRIVATE_EXTERN = NO;
				GCC_WARN_64_TO_32_BIT_CONVERSION = YES;
				GCC_WARN_ABOUT_RETURN_TYPE = YES_ERROR;
				GCC_WARN_UNDECLARED_SELECTOR = YES;
				GCC_WARN_UNINITIALIZED_AUTOS = YES_AGGRESSIVE;
				GCC_WARN_UNUSED_FUNCTION = YES;
				GCC_WARN_UNUSED_VARIABLE = YES;
				IPHONEOS_DEPLOYMENT_TARGET = 8.3;
				MTL_ENABLE_DEBUG_INFO = YES;
				ONLY_ACTIVE_ARCH = YES;
				SDKROOT = iphoneos;
				SWIFT_OPTIMIZATION_LEVEL = "-Onone";
				TARGETED_DEVICE_FAMILY = "1,2";
			};
			name = Debug;
		};
		8A1BA8281B4F0413004C487D /* Release */ = {
			isa = XCBuildConfiguration;
			buildSettings = {
				ALWAYS_SEARCH_USER_PATHS = NO;
				CLANG_CXX_LANGUAGE_STANDARD = "gnu++0x";
				CLANG_CXX_LIBRARY = "libc++";
				CLANG_ENABLE_MODULES = YES;
				CLANG_ENABLE_OBJC_ARC = YES;
				CLANG_WARN_BOOL_CONVERSION = YES;
				CLANG_WARN_CONSTANT_CONVERSION = YES;
				CLANG_WARN_DIRECT_OBJC_ISA_USAGE = YES_ERROR;
				CLANG_WARN_EMPTY_BODY = YES;
				CLANG_WARN_ENUM_CONVERSION = YES;
				CLANG_WARN_INT_CONVERSION = YES;
				CLANG_WARN_OBJC_ROOT_CLASS = YES_ERROR;
				CLANG_WARN_UNREACHABLE_CODE = YES;
				CLANG_WARN__DUPLICATE_METHOD_MATCH = YES;
				"CODE_SIGN_IDENTITY[sdk=iphoneos*]" = "iPhone Developer";
				COPY_PHASE_STRIP = NO;
				DEBUG_INFORMATION_FORMAT = "dwarf-with-dsym";
				ENABLE_NS_ASSERTIONS = NO;
				ENABLE_STRICT_OBJC_MSGSEND = YES;
				GCC_C_LANGUAGE_STANDARD = gnu99;
				GCC_NO_COMMON_BLOCKS = YES;
				GCC_WARN_64_TO_32_BIT_CONVERSION = YES;
				GCC_WARN_ABOUT_RETURN_TYPE = YES_ERROR;
				GCC_WARN_UNDECLARED_SELECTOR = YES;
				GCC_WARN_UNINITIALIZED_AUTOS = YES_AGGRESSIVE;
				GCC_WARN_UNUSED_FUNCTION = YES;
				GCC_WARN_UNUSED_VARIABLE = YES;
				IPHONEOS_DEPLOYMENT_TARGET = 8.3;
				MTL_ENABLE_DEBUG_INFO = NO;
				SDKROOT = iphoneos;
				TARGETED_DEVICE_FAMILY = "1,2";
				VALIDATE_PRODUCT = YES;
			};
			name = Release;
		};
		8A1BA82A1B4F0413004C487D /* Debug */ = {
			isa = XCBuildConfiguration;
			buildSettings = {
				ASSETCATALOG_COMPILER_APPICON_NAME = AppIcon;
				CLANG_ENABLE_MODULES = YES;
				CODE_SIGN_IDENTITY = "iPhone Developer";
				"CODE_SIGN_IDENTITY[sdk=iphoneos*]" = "iPhone Developer";
				FRAMEWORK_SEARCH_PATHS = (
					"$(inherited)",
					"$(PROJECT_DIR)",
					/Users/mikkkarner/Documents/FacebookSDK,
				);
				INFOPLIST_FILE = Colab/Info.plist;
				IPHONEOS_DEPLOYMENT_TARGET = 8.0;
				LD_RUNPATH_SEARCH_PATHS = "$(inherited) @executable_path/Frameworks";
				PRODUCT_NAME = "$(TARGET_NAME)";
				PROVISIONING_PROFILE = "";
				SWIFT_OBJC_BRIDGING_HEADER = "Colab/Colab-Bridging-Header.h";
				SWIFT_OPTIMIZATION_LEVEL = "-Onone";
				TARGETED_DEVICE_FAMILY = "1,2";
			};
			name = Debug;
		};
		8A1BA82B1B4F0413004C487D /* Release */ = {
			isa = XCBuildConfiguration;
			buildSettings = {
				ASSETCATALOG_COMPILER_APPICON_NAME = AppIcon;
				CLANG_ENABLE_MODULES = YES;
				CODE_SIGN_IDENTITY = "iPhone Developer";
				"CODE_SIGN_IDENTITY[sdk=iphoneos*]" = "iPhone Developer";
				FRAMEWORK_SEARCH_PATHS = (
					"$(inherited)",
					"$(PROJECT_DIR)",
					/Users/mikkkarner/Documents/FacebookSDK,
				);
				INFOPLIST_FILE = Colab/Info.plist;
				IPHONEOS_DEPLOYMENT_TARGET = 8.0;
				LD_RUNPATH_SEARCH_PATHS = "$(inherited) @executable_path/Frameworks";
				PRODUCT_NAME = "$(TARGET_NAME)";
				PROVISIONING_PROFILE = "";
				SWIFT_OBJC_BRIDGING_HEADER = "Colab/Colab-Bridging-Header.h";
				TARGETED_DEVICE_FAMILY = "1,2";
			};
			name = Release;
		};
		8A1BA82D1B4F0413004C487D /* Debug */ = {
			isa = XCBuildConfiguration;
			buildSettings = {
				BUNDLE_LOADER = "$(TEST_HOST)";
				FRAMEWORK_SEARCH_PATHS = (
					"$(SDKROOT)/Developer/Library/Frameworks",
					"$(inherited)",
				);
				GCC_PREPROCESSOR_DEFINITIONS = (
					"DEBUG=1",
					"$(inherited)",
				);
				INFOPLIST_FILE = ColabTests/Info.plist;
				LD_RUNPATH_SEARCH_PATHS = "$(inherited) @executable_path/Frameworks @loader_path/Frameworks";
				PRODUCT_NAME = "$(TARGET_NAME)";
				TEST_HOST = "$(BUILT_PRODUCTS_DIR)/Colab.app/Colab";
			};
			name = Debug;
		};
		8A1BA82E1B4F0413004C487D /* Release */ = {
			isa = XCBuildConfiguration;
			buildSettings = {
				BUNDLE_LOADER = "$(TEST_HOST)";
				FRAMEWORK_SEARCH_PATHS = (
					"$(SDKROOT)/Developer/Library/Frameworks",
					"$(inherited)",
				);
				INFOPLIST_FILE = ColabTests/Info.plist;
				LD_RUNPATH_SEARCH_PATHS = "$(inherited) @executable_path/Frameworks @loader_path/Frameworks";
				PRODUCT_NAME = "$(TARGET_NAME)";
				TEST_HOST = "$(BUILT_PRODUCTS_DIR)/Colab.app/Colab";
			};
			name = Release;
		};
/* End XCBuildConfiguration section */

/* Begin XCConfigurationList section */
		8A1BA8051B4F0413004C487D /* Build configuration list for PBXProject "Colab" */ = {
			isa = XCConfigurationList;
			buildConfigurations = (
				8A1BA8271B4F0413004C487D /* Debug */,
				8A1BA8281B4F0413004C487D /* Release */,
			);
			defaultConfigurationIsVisible = 0;
			defaultConfigurationName = Release;
		};
		8A1BA8291B4F0413004C487D /* Build configuration list for PBXNativeTarget "Colab" */ = {
			isa = XCConfigurationList;
			buildConfigurations = (
				8A1BA82A1B4F0413004C487D /* Debug */,
				8A1BA82B1B4F0413004C487D /* Release */,
			);
			defaultConfigurationIsVisible = 0;
			defaultConfigurationName = Release;
		};
		8A1BA82C1B4F0413004C487D /* Build configuration list for PBXNativeTarget "ColabTests" */ = {
			isa = XCConfigurationList;
			buildConfigurations = (
				8A1BA82D1B4F0413004C487D /* Debug */,
				8A1BA82E1B4F0413004C487D /* Release */,
			);
			defaultConfigurationIsVisible = 0;
			defaultConfigurationName = Release;
		};
/* End XCConfigurationList section */
	};
	rootObject = 8A1BA8021B4F0413004C487D /* Project object */;
}
